
Microsoft Visual Studio Solution File, Format Version 12.00
# Visual Studio 15
Project("{FAE04EC0-301F-11D3-BF4B-00C04F79EFBC}") = "Gaze", "Gaze.csproj", "{4655BA6B-A48E-9CFB-9A71-D96F925DD8EB}"
EndProject
Project("{FAE04EC0-301F-11D3-BF4B-00C04F79EFBC}") = "Gaze.Editor", "Gaze.Editor.csproj", "{6E00ABD9-5BAB-6D4F-FFDA-16823BCD8A4E}"
EndProject
Global
	GlobalSection(SolutionConfigurationPlatforms) = preSolution
		Debug|Any CPU = Debug|Any CPU
		Release|Any CPU = Release|Any CPU
	EndGlobalSection
	GlobalSection(ProjectConfigurationPlatforms) = postSolution
		{4655BA6B-A48E-9CFB-9A71-D96F925DD8EB}.Debug|Any CPU.ActiveCfg = Debug|Any CPU
		{4655BA6B-A48E-9CFB-9A71-D96F925DD8EB}.Debug|Any CPU.Build.0 = Debug|Any CPU
		{4655BA6B-A48E-9CFB-9A71-D96F925DD8EB}.Release|Any CPU.ActiveCfg = Release|Any CPU
		{4655BA6B-A48E-9CFB-9A71-D96F925DD8EB}.Release|Any CPU.Build.0 = Release|Any CPU
		{6E00ABD9-5BAB-6D4F-FFDA-16823BCD8A4E}.Debug|Any CPU.ActiveCfg = Debug|Any CPU
		{6E00ABD9-5BAB-6D4F-FFDA-16823BCD8A4E}.Debug|Any CPU.Build.0 = Debug|Any CPU
		{6E00ABD9-5BAB-6D4F-FFDA-16823BCD8A4E}.Release|Any CPU.ActiveCfg = Release|Any CPU
		{6E00ABD9-5BAB-6D4F-FFDA-16823BCD8A4E}.Release|Any CPU.Build.0 = Release|Any CPU
	EndGlobalSection
	GlobalSection(SolutionProperties) = preSolution
		HideSolutionNode = FALSE
	EndGlobalSection
EndGlobal
